
Microsoft Visual Studio Solution File, Format Version 12.00
# Visual Studio Version 16
VisualStudioVersion = 16.0.31205.134
MinimumVisualStudioVersion = 10.0.40219.1
Project("{FAE04EC0-301F-11D3-BF4B-00C04F79EFBC}") = "WindowsFormsApp6", "WindowsFormsApp6.csproj", "{5E968039-BB28-4CA8-9C49-17F61E73C0C9}"
EndProject
Global
	GlobalSection(SolutionConfigurationPlatforms) = preSolution
		Debug|Any CPU = Debug|Any CPU
		Release|Any CPU = Release|Any CPU
	EndGlobalSection
	GlobalSection(ProjectConfigurationPlatforms) = postSolution
		{5E968039-BB28-4CA8-9C49-17F61E73C0C9}.Debug|Any CPU.ActiveCfg = Debug|Any CPU
		{5E968039-BB28-4CA8-9C49-17F61E73C0C9}.Debug|Any CPU.Build.0 = Debug|Any CPU
		{5E968039-BB28-4CA8-9C49-17F61E73C0C9}.Release|Any CPU.ActiveCfg = Release|Any CPU
		{5E968039-BB28-4CA8-9C49-17F61E73C0C9}.Release|Any CPU.Build.0 = Release|Any CPU
	EndGlobalSection
	GlobalSection(SolutionProperties) = preSolution
		HideSolutionNode = FALSE
	EndGlobalSection
	GlobalSection(ExtensibilityGlobals) = postSolution
		SolutionGuid = {EFF985CE-3833-464D-8445-90AF29B44FC4}
	EndGlobalSection
EndGlobal
